# This file is automatically @generated by Cargo.
# It is not intended for manual editing.
version = 3

[[package]]
name = "file_system"
version = "0.1.0"
dependencies = [
 "ramdisk",
]

[[package]]
name = "ramdisk"
version = "0.1.4"
source = "git+https://github.com/gjf2a/ramdisk#da8347c3bbc6dd8fdbaef1c4054fc1cba9a5faf9"
